
Microsoft Visual Studio Solution File, Format Version 12.00
# Visual Studio Version 17
VisualStudioVersion = 17.7.34024.191
MinimumVisualStudioVersion = 10.0.40219.1
Project("{9A19103F-16F7-4668-BE54-9A1E7A4F7556}") = "Introduction", "Introduction\Introduction.csproj", "{7F35EF21-F210-4997-9547-D4ADC1F7F398}"
EndProject
Project("{9A19103F-16F7-4668-BE54-9A1E7A4F7556}") = "PassingEventData", "PassingEventData\PassingEventData.csproj", "{7EC965FF-2670-4515-BEA9-2E4D5D34F975}"
EndProject
Project("{9A19103F-16F7-4668-BE54-9A1E7A4F7556}") = "Delegates", "Delegates\Delegates.csproj", "{8DBB439F-1594-4FEC-9B6F-75C7FD07CCB8}"
EndProject
Project("{2150E333-8FDC-42A3-9474-1A3956D46DE8}") = "Prerequisites", "Prerequisites", "{E7D19307-19B1-41D2-A17D-032696E02277}"
EndProject
Project("{FAE04EC0-301F-11D3-BF4B-00C04F79EFBC}") = "Observer_DesignPattern", "Observer_DesignPattern\Observer_DesignPattern.csproj", "{5998E8DF-AA81-408F-BBF8-D3C2C8C716B1}"
EndProject
Global
	GlobalSection(SolutionConfigurationPlatforms) = preSolution
		Debug|Any CPU = Debug|Any CPU
		Release|Any CPU = Release|Any CPU
	EndGlobalSection
	GlobalSection(ProjectConfigurationPlatforms) = postSolution
		{7F35EF21-F210-4997-9547-D4ADC1F7F398}.Debug|Any CPU.ActiveCfg = Debug|Any CPU
		{7F35EF21-F210-4997-9547-D4ADC1F7F398}.Debug|Any CPU.Build.0 = Debug|Any CPU
		{7F35EF21-F210-4997-9547-D4ADC1F7F398}.Release|Any CPU.ActiveCfg = Release|Any CPU
		{7F35EF21-F210-4997-9547-D4ADC1F7F398}.Release|Any CPU.Build.0 = Release|Any CPU
		{7EC965FF-2670-4515-BEA9-2E4D5D34F975}.Debug|Any CPU.ActiveCfg = Debug|Any CPU
		{7EC965FF-2670-4515-BEA9-2E4D5D34F975}.Debug|Any CPU.Build.0 = Debug|Any CPU
		{7EC965FF-2670-4515-BEA9-2E4D5D34F975}.Release|Any CPU.ActiveCfg = Release|Any CPU
		{7EC965FF-2670-4515-BEA9-2E4D5D34F975}.Release|Any CPU.Build.0 = Release|Any CPU
		{8DBB439F-1594-4FEC-9B6F-75C7FD07CCB8}.Debug|Any CPU.ActiveCfg = Debug|Any CPU
		{8DBB439F-1594-4FEC-9B6F-75C7FD07CCB8}.Debug|Any CPU.Build.0 = Debug|Any CPU
		{8DBB439F-1594-4FEC-9B6F-75C7FD07CCB8}.Release|Any CPU.ActiveCfg = Release|Any CPU
		{8DBB439F-1594-4FEC-9B6F-75C7FD07CCB8}.Release|Any CPU.Build.0 = Release|Any CPU
		{5998E8DF-AA81-408F-BBF8-D3C2C8C716B1}.Debug|Any CPU.ActiveCfg = Debug|Any CPU
		{5998E8DF-AA81-408F-BBF8-D3C2C8C716B1}.Debug|Any CPU.Build.0 = Debug|Any CPU
		{5998E8DF-AA81-408F-BBF8-D3C2C8C716B1}.Release|Any CPU.ActiveCfg = Release|Any CPU
		{5998E8DF-AA81-408F-BBF8-D3C2C8C716B1}.Release|Any CPU.Build.0 = Release|Any CPU
	EndGlobalSection
	GlobalSection(SolutionProperties) = preSolution
		HideSolutionNode = FALSE
	EndGlobalSection
	GlobalSection(NestedProjects) = preSolution
		{8DBB439F-1594-4FEC-9B6F-75C7FD07CCB8} = {E7D19307-19B1-41D2-A17D-032696E02277}
		{5998E8DF-AA81-408F-BBF8-D3C2C8C716B1} = {E7D19307-19B1-41D2-A17D-032696E02277}
	EndGlobalSection
	GlobalSection(ExtensibilityGlobals) = postSolution
		SolutionGuid = {0C1D7690-D0FC-4F03-81C0-E3871CA0F4D0}
	EndGlobalSection
EndGlobal
